
Microsoft Visual Studio Solution File, Format Version 12.00
# Visual Studio Version 17
VisualStudioVersion = 17.3.32922.545
MinimumVisualStudioVersion = 10.0.40219.1
Project("{FAE04EC0-301F-11D3-BF4B-00C04F79EFBC}") = "diskretnaSistema2", "diskretnaSistema2\diskretnaSistema2.csproj", "{12C6A26D-B467-43DE-8F46-B5FBB475E086}"
EndProject
Global
	GlobalSection(SolutionConfigurationPlatforms) = preSolution
		Debug|Any CPU = Debug|Any CPU
		Release|Any CPU = Release|Any CPU
	EndGlobalSection
	GlobalSection(ProjectConfigurationPlatforms) = postSolution
		{12C6A26D-B467-43DE-8F46-B5FBB475E086}.Debug|Any CPU.ActiveCfg = Debug|Any CPU
		{12C6A26D-B467-43DE-8F46-B5FBB475E086}.Debug|Any CPU.Build.0 = Debug|Any CPU
		{12C6A26D-B467-43DE-8F46-B5FBB475E086}.Release|Any CPU.ActiveCfg = Release|Any CPU
		{12C6A26D-B467-43DE-8F46-B5FBB475E086}.Release|Any CPU.Build.0 = Release|Any CPU
	EndGlobalSection
	GlobalSection(SolutionProperties) = preSolution
		HideSolutionNode = FALSE
	EndGlobalSection
	GlobalSection(ExtensibilityGlobals) = postSolution
		SolutionGuid = {9AE75A86-4609-4C36-87D9-446B3EB676E7}
	EndGlobalSection
EndGlobal
